{
  "version": 4,
  "terraform_version": "1.12.2",
  "serial": 12,
  "lineage": "e910d6c4-bbf5-9795-4fa5-2434ca455510",
  "outputs": {
    "instance_ips": {
      "value": {
        "devinstance1": "44.199.215.112",
        "devinstance2": "13.221.87.246"
      },
      "type": [
        "object",
        {
          "devinstance1": "string",
          "devinstance2": "string"
        }
      ]
    }
  },
  "resources": [
    {
      "module": "module.web",
      "mode": "managed",
      "type": "aws_instance",
      "name": "web_server",
      "provider": "module.web.provider[\"registry.terraform.io/hashicorp/aws\"]",
      "instances": [
        {
          "index_key": "devinstance1",
          "schema_version": 2,
          "attributes": {
            "ami": "ami-020cba7c55df1f615",
            "arn": "arn:aws:ec2:us-east-1:180344874861:instance/i-0322770f40679c706",
            "associate_public_ip_address": true,
            "availability_zone": "us-east-1a",
            "capacity_reservation_specification": [
              {
                "capacity_reservation_preference": "open",
                "capacity_reservation_target": []
              }
            ],
            "cpu_options": [
              {
                "amd_sev_snp": "",
                "core_count": 1,
                "threads_per_core": 1
              }
            ],
            "credit_specification": [
              {
                "cpu_credits": "standard"
              }
            ],
            "disable_api_stop": false,
            "disable_api_termination": false,
            "ebs_block_device": [],
            "ebs_optimized": false,
            "enable_primary_ipv6": null,
            "enclave_options": [
              {
                "enabled": false
              }
            ],
            "ephemeral_block_device": [],
            "get_password_data": false,
            "hibernation": false,
            "host_id": "",
            "host_resource_group_arn": null,
            "iam_instance_profile": "",
            "id": "i-0322770f40679c706",
            "instance_initiated_shutdown_behavior": "stop",
            "instance_lifecycle": "",
            "instance_market_options": [],
            "instance_state": "running",
            "instance_type": "t2.micro",
            "ipv6_address_count": 0,
            "ipv6_addresses": [],
            "key_name": "my-key",
            "launch_template": [],
            "maintenance_options": [
              {
                "auto_recovery": "default"
              }
            ],
            "metadata_options": [
              {
                "http_endpoint": "enabled",
                "http_protocol_ipv6": "disabled",
                "http_put_response_hop_limit": 2,
                "http_tokens": "required",
                "instance_metadata_tags": "disabled"
              }
            ],
            "monitoring": false,
            "network_interface": [],
            "outpost_arn": "",
            "password_data": "",
            "placement_group": "",
            "placement_partition_number": 0,
            "primary_network_interface_id": "eni-07b9ead2a6077be3b",
            "private_dns": "ip-10-0-1-39.ec2.internal",
            "private_dns_name_options": [
              {
                "enable_resource_name_dns_a_record": false,
                "enable_resource_name_dns_aaaa_record": false,
                "hostname_type": "ip-name"
              }
            ],
            "private_ip": "10.0.1.39",
            "public_dns": "",
            "public_ip": "44.199.215.112",
            "region": "us-east-1",
            "root_block_device": [
              {
                "delete_on_termination": true,
                "device_name": "/dev/sda1",
                "encrypted": false,
                "iops": 3000,
                "kms_key_id": "",
                "tags": {},
                "tags_all": {},
                "throughput": 125,
                "volume_id": "vol-0ea9de27e38dc41e2",
                "volume_size": 8,
                "volume_type": "gp3"
              }
            ],
            "secondary_private_ips": [],
            "security_groups": [],
            "source_dest_check": true,
            "spot_instance_request_id": "",
            "subnet_id": "subnet-06daa165953d00a2e",
            "tags": {
              "Name": "devinstance1"
            },
            "tags_all": {
              "Name": "devinstance1"
            },
            "tenancy": "default",
            "timeouts": null,
            "user_data": null,
            "user_data_base64": null,
            "user_data_replace_on_change": false,
            "volume_tags": null,
            "vpc_security_group_ids": [
              "sg-043aaff74672142f9"
            ]
          },
          "sensitive_attributes": [],
          "identity_schema_version": 0,
          "private": "eyJlMmJmYjczMC1lY2FhLTExZTYtOGY4OC0zNDM2M2JjN2M0YzAiOnsiY3JlYXRlIjo2MDAwMDAwMDAwMDAsImRlbGV0ZSI6MTIwMDAwMDAwMDAwMCwicmVhZCI6OTAwMDAwMDAwMDAwLCJ1cGRhdGUiOjYwMDAwMDAwMDAwMH0sInNjaGVtYV92ZXJzaW9uIjoiMiJ9",
          "dependencies": [
            "module.web.aws_key_pair.generated",
            "module.web.aws_security_group.web_sg",
            "module.web.aws_subnet.terraform_public_subnet",
            "module.web.aws_vpc.terraform_vpc"
          ]
        },
        {
          "index_key": "devinstance2",
          "schema_version": 2,
          "attributes": {
            "ami": "ami-020cba7c55df1f615",
            "arn": "arn:aws:ec2:us-east-1:180344874861:instance/i-0fec7505122754bfb",
            "associate_public_ip_address": true,
            "availability_zone": "us-east-1b",
            "capacity_reservation_specification": [
              {
                "capacity_reservation_preference": "open",
                "capacity_reservation_target": []
              }
            ],
            "cpu_options": [
              {
                "amd_sev_snp": "",
                "core_count": 1,
                "threads_per_core": 1
              }
            ],
            "credit_specification": [
              {
                "cpu_credits": "standard"
              }
            ],
            "disable_api_stop": false,
            "disable_api_termination": false,
            "ebs_block_device": [],
            "ebs_optimized": false,
            "enable_primary_ipv6": null,
            "enclave_options": [
              {
                "enabled": false
              }
            ],
            "ephemeral_block_device": [],
            "get_password_data": false,
            "hibernation": false,
            "host_id": "",
            "host_resource_group_arn": null,
            "iam_instance_profile": "",
            "id": "i-0fec7505122754bfb",
            "instance_initiated_shutdown_behavior": "stop",
            "instance_lifecycle": "",
            "instance_market_options": [],
            "instance_state": "running",
            "instance_type": "t2.nano",
            "ipv6_address_count": 0,
            "ipv6_addresses": [],
            "key_name": "my-key",
            "launch_template": [],
            "maintenance_options": [
              {
                "auto_recovery": "default"
              }
            ],
            "metadata_options": [
              {
                "http_endpoint": "enabled",
                "http_protocol_ipv6": "disabled",
                "http_put_response_hop_limit": 2,
                "http_tokens": "required",
                "instance_metadata_tags": "disabled"
              }
            ],
            "monitoring": false,
            "network_interface": [],
            "outpost_arn": "",
            "password_data": "",
            "placement_group": "",
            "placement_partition_number": 0,
            "primary_network_interface_id": "eni-05673a30184c557bf",
            "private_dns": "ip-10-0-2-215.ec2.internal",
            "private_dns_name_options": [
              {
                "enable_resource_name_dns_a_record": false,
                "enable_resource_name_dns_aaaa_record": false,
                "hostname_type": "ip-name"
              }
            ],
            "private_ip": "10.0.2.215",
            "public_dns": "",
            "public_ip": "13.221.87.246",
            "region": "us-east-1",
            "root_block_device": [
              {
                "delete_on_termination": true,
                "device_name": "/dev/sda1",
                "encrypted": false,
                "iops": 3000,
                "kms_key_id": "",
                "tags": {},
                "tags_all": {},
                "throughput": 125,
                "volume_id": "vol-0815de77f74972247",
                "volume_size": 8,
                "volume_type": "gp3"
              }
            ],
            "secondary_private_ips": [],
            "security_groups": [],
            "source_dest_check": true,
            "spot_instance_request_id": "",
            "subnet_id": "subnet-02a074f7dcd101dcd",
            "tags": {
              "Name": "devinstance2"
            },
            "tags_all": {
              "Name": "devinstance2"
            },
            "tenancy": "default",
            "timeouts": null,
            "user_data": null,
            "user_data_base64": null,
            "user_data_replace_on_change": false,
            "volume_tags": null,
            "vpc_security_group_ids": [
              "sg-043aaff74672142f9"
            ]
          },
          "sensitive_attributes": [],
          "identity_schema_version": 0,
          "private": "eyJlMmJmYjczMC1lY2FhLTExZTYtOGY4OC0zNDM2M2JjN2M0YzAiOnsiY3JlYXRlIjo2MDAwMDAwMDAwMDAsImRlbGV0ZSI6MTIwMDAwMDAwMDAwMCwicmVhZCI6OTAwMDAwMDAwMDAwLCJ1cGRhdGUiOjYwMDAwMDAwMDAwMH0sInNjaGVtYV92ZXJzaW9uIjoiMiJ9",
          "dependencies": [
            "module.web.aws_key_pair.generated",
            "module.web.aws_security_group.web_sg",
            "module.web.aws_subnet.terraform_public_subnet",
            "module.web.aws_vpc.terraform_vpc"
          ]
        }
      ]
    },
    {
      "module": "module.web",
      "mode": "managed",
      "type": "aws_internet_gateway",
      "name": "terraform_igw",
      "provider": "module.web.provider[\"registry.terraform.io/hashicorp/aws\"]",
      "instances": [
        {
          "schema_version": 0,
          "attributes": {
            "arn": "arn:aws:ec2:us-east-1:180344874861:internet-gateway/igw-018ee21a4f1b20651",
            "id": "igw-018ee21a4f1b20651",
            "owner_id": "180344874861",
            "region": "us-east-1",
            "tags": {
              "Name": "TerraformInternetGateway"
            },
            "tags_all": {
              "Name": "TerraformInternetGateway"
            },
            "timeouts": null,
            "vpc_id": "vpc-0c207f88aaa816e2b"
          },
          "sensitive_attributes": [],
          "identity_schema_version": 0,
          "private": "eyJlMmJmYjczMC1lY2FhLTExZTYtOGY4OC0zNDM2M2JjN2M0YzAiOnsiY3JlYXRlIjoxMjAwMDAwMDAwMDAwLCJkZWxldGUiOjEyMDAwMDAwMDAwMDAsInVwZGF0ZSI6MTIwMDAwMDAwMDAwMH19",
          "dependencies": [
            "module.web.aws_vpc.terraform_vpc"
          ]
        }
      ]
    },
    {
      "module": "module.web",
      "mode": "managed",
      "type": "aws_key_pair",
      "name": "generated",
      "provider": "module.web.provider[\"registry.terraform.io/hashicorp/aws\"]",
      "instances": [
        {
          "schema_version": 1,
          "attributes": {
            "arn": "arn:aws:ec2:us-east-1:180344874861:key-pair/my-key",
            "fingerprint": "0b:9e:a6:2d:ca:d1:ba:d8:af:41:20:e5:13:71:53:3c",
            "id": "my-key",
            "key_name": "my-key",
            "key_name_prefix": "",
            "key_pair_id": "key-0b628293a7529879a",
            "key_type": "rsa",
            "public_key": "ssh-rsa AAAAB3NzaC1yc2EAAAADAQABAAACAQDNFfX7AghwMwlkUIeH4ZCx8fnV3EZfNGikVkPkubw8jvNdY0GTd7sf+vOOON/rt/O3l6G7uMmRgCkHGeT/qmfeEizOw8rS3XvoXWv7K40iS4zxuc/AIy+2lTetwGhNqgP1UGidT69kYMafgin3PRPg7SLasbX4RK+O2uX1g7Vb/oSPCe3fFy+RIW5W484yH7Hcb+PaK3Bpf3OVX/123B8Zg4DgVoWyoTPMuZfjQa/X+QrtBuC0erT7hZdJx93J6Ju6/7Lghy9fcmc9n2wHKMKZrVmDPupUwprOrp5Q3kLtplYf/vnTbbVyKsaCKGodl2/C45PVFKlFArCiTBm8yV3oQqpuUnhc+d6wIYv4mSE1GCsdzvULSHaZ2wRudieHajQbZgXIImZhYvtK88IKAn9mFdwvZXXWz5p4g9rK8jay+fLUYaPElZsCwt60CsAfjV8hEHg8dpjWwHdQgylUOa9PCxaYmat5WziYoW1XVE7Xt9TJX3zax8KDX2FA4gZMBq8geNWN8Lte1EypIqi7oz53Di6WeYngf7zlrwDk2WyRkYODlj2PknA79od6+Wx5q8jiuLaQdj7Mc7KlzW7zTMjIygaKtWt1o1NDBR3pgOuDVCTHbgIqW7jGCow81I2RsTY7AUWpH1OSVMk47kov53fXdVj2+p6oqtrmnptvTEQvJQ== basanna.b@exclcloud.com",
            "region": "us-east-1",
            "tags": null,
            "tags_all": {}
          },
          "sensitive_attributes": [],
          "identity_schema_version": 0,
          "private": "eyJzY2hlbWFfdmVyc2lvbiI6IjEifQ=="
        }
      ]
    },
    {
      "module": "module.web",
      "mode": "managed",
      "type": "aws_route_table",
      "name": "public_rt",
      "provider": "module.web.provider[\"registry.terraform.io/hashicorp/aws\"]",
      "instances": [
        {
          "schema_version": 0,
          "attributes": {
            "arn": "arn:aws:ec2:us-east-1:180344874861:route-table/rtb-0796582ecc58b6f3a",
            "id": "rtb-0796582ecc58b6f3a",
            "owner_id": "180344874861",
            "propagating_vgws": [],
            "region": "us-east-1",
            "route": [
              {
                "carrier_gateway_id": "",
                "cidr_block": "0.0.0.0/0",
                "core_network_arn": "",
                "destination_prefix_list_id": "",
                "egress_only_gateway_id": "",
                "gateway_id": "igw-018ee21a4f1b20651",
                "ipv6_cidr_block": "",
                "local_gateway_id": "",
                "nat_gateway_id": "",
                "network_interface_id": "",
                "transit_gateway_id": "",
                "vpc_endpoint_id": "",
                "vpc_peering_connection_id": ""
              }
            ],
            "tags": {
              "Name": "PublicRouteTable"
            },
            "tags_all": {
              "Name": "PublicRouteTable"
            },
            "timeouts": null,
            "vpc_id": "vpc-0c207f88aaa816e2b"
          },
          "sensitive_attributes": [],
          "identity_schema_version": 0,
          "private": "eyJlMmJmYjczMC1lY2FhLTExZTYtOGY4OC0zNDM2M2JjN2M0YzAiOnsiY3JlYXRlIjozMDAwMDAwMDAwMDAsImRlbGV0ZSI6MzAwMDAwMDAwMDAwLCJ1cGRhdGUiOjEyMDAwMDAwMDAwMH19",
          "dependencies": [
            "module.web.aws_internet_gateway.terraform_igw",
            "module.web.aws_vpc.terraform_vpc"
          ]
        }
      ]
    },
    {
      "module": "module.web",
      "mode": "managed",
      "type": "aws_route_table_association",
      "name": "public_assoc",
      "provider": "module.web.provider[\"registry.terraform.io/hashicorp/aws\"]",
      "instances": [
        {
          "index_key": 0,
          "schema_version": 0,
          "attributes": {
            "gateway_id": "",
            "id": "rtbassoc-01b07f5b464f09801",
            "region": "us-east-1",
            "route_table_id": "rtb-0796582ecc58b6f3a",
            "subnet_id": "subnet-06daa165953d00a2e",
            "timeouts": null
          },
          "sensitive_attributes": [],
          "identity_schema_version": 0,
          "private": "eyJlMmJmYjczMC1lY2FhLTExZTYtOGY4OC0zNDM2M2JjN2M0YzAiOnsiY3JlYXRlIjozMDAwMDAwMDAwMDAsImRlbGV0ZSI6MzAwMDAwMDAwMDAwLCJ1cGRhdGUiOjEyMDAwMDAwMDAwMH19",
          "dependencies": [
            "module.web.aws_internet_gateway.terraform_igw",
            "module.web.aws_route_table.public_rt",
            "module.web.aws_subnet.terraform_public_subnet",
            "module.web.aws_vpc.terraform_vpc"
          ]
        },
        {
          "index_key": 1,
          "schema_version": 0,
          "attributes": {
            "gateway_id": "",
            "id": "rtbassoc-0d7ea0bdbe29d8f83",
            "region": "us-east-1",
            "route_table_id": "rtb-0796582ecc58b6f3a",
            "subnet_id": "subnet-02a074f7dcd101dcd",
            "timeouts": null
          },
          "sensitive_attributes": [],
          "identity_schema_version": 0,
          "private": "eyJlMmJmYjczMC1lY2FhLTExZTYtOGY4OC0zNDM2M2JjN2M0YzAiOnsiY3JlYXRlIjozMDAwMDAwMDAwMDAsImRlbGV0ZSI6MzAwMDAwMDAwMDAwLCJ1cGRhdGUiOjEyMDAwMDAwMDAwMH19",
          "dependencies": [
            "module.web.aws_internet_gateway.terraform_igw",
            "module.web.aws_route_table.public_rt",
            "module.web.aws_subnet.terraform_public_subnet",
            "module.web.aws_vpc.terraform_vpc"
          ]
        }
      ]
    },
    {
      "module": "module.web",
      "mode": "managed",
      "type": "aws_security_group",
      "name": "web_sg",
      "provider": "module.web.provider[\"registry.terraform.io/hashicorp/aws\"]",
      "instances": [
        {
          "schema_version": 1,
          "attributes": {
            "arn": "arn:aws:ec2:us-east-1:180344874861:security-group/sg-043aaff74672142f9",
            "description": "Managed by Terraform",
            "egress": [
              {
                "cidr_blocks": [
                  "0.0.0.0/0"
                ],
                "description": "",
                "from_port": 0,
                "ipv6_cidr_blocks": [],
                "prefix_list_ids": [],
                "protocol": "-1",
                "security_groups": [],
                "self": false,
                "to_port": 0
              }
            ],
            "id": "sg-043aaff74672142f9",
            "ingress": [
              {
                "cidr_blocks": [
                  "0.0.0.0/0"
                ],
                "description": "",
                "from_port": 22,
                "ipv6_cidr_blocks": [],
                "prefix_list_ids": [],
                "protocol": "tcp",
                "security_groups": [],
                "self": false,
                "to_port": 22
              },
              {
                "cidr_blocks": [
                  "0.0.0.0/0"
                ],
                "description": "",
                "from_port": 80,
                "ipv6_cidr_blocks": [],
                "prefix_list_ids": [],
                "protocol": "tcp",
                "security_groups": [],
                "self": false,
                "to_port": 80
              }
            ],
            "name": "web_sg",
            "name_prefix": "",
            "owner_id": "180344874861",
            "region": "us-east-1",
            "revoke_rules_on_delete": false,
            "tags": {
              "Name": "WebSecurityGroup"
            },
            "tags_all": {
              "Name": "WebSecurityGroup"
            },
            "timeouts": null,
            "vpc_id": "vpc-0c207f88aaa816e2b"
          },
          "sensitive_attributes": [],
          "identity_schema_version": 0,
          "private": "eyJlMmJmYjczMC1lY2FhLTExZTYtOGY4OC0zNDM2M2JjN2M0YzAiOnsiY3JlYXRlIjo2MDAwMDAwMDAwMDAsImRlbGV0ZSI6OTAwMDAwMDAwMDAwfSwic2NoZW1hX3ZlcnNpb24iOiIxIn0=",
          "dependencies": [
            "module.web.aws_vpc.terraform_vpc"
          ]
        }
      ]
    },
    {
      "module": "module.web",
      "mode": "managed",
      "type": "aws_subnet",
      "name": "terraform_public_subnet",
      "provider": "module.web.provider[\"registry.terraform.io/hashicorp/aws\"]",
      "instances": [
        {
          "index_key": 0,
          "schema_version": 1,
          "attributes": {
            "arn": "arn:aws:ec2:us-east-1:180344874861:subnet/subnet-06daa165953d00a2e",
            "assign_ipv6_address_on_creation": false,
            "availability_zone": "us-east-1a",
            "availability_zone_id": "use1-az1",
            "cidr_block": "10.0.1.0/24",
            "customer_owned_ipv4_pool": "",
            "enable_dns64": false,
            "enable_lni_at_device_index": 0,
            "enable_resource_name_dns_a_record_on_launch": false,
            "enable_resource_name_dns_aaaa_record_on_launch": false,
            "id": "subnet-06daa165953d00a2e",
            "ipv6_cidr_block": "",
            "ipv6_cidr_block_association_id": "",
            "ipv6_native": false,
            "map_customer_owned_ip_on_launch": false,
            "map_public_ip_on_launch": true,
            "outpost_arn": "",
            "owner_id": "180344874861",
            "private_dns_hostname_type_on_launch": "ip-name",
            "region": "us-east-1",
            "tags": {
              "Name": "TerraformPublicSubnet-1"
            },
            "tags_all": {
              "Name": "TerraformPublicSubnet-1"
            },
            "timeouts": null,
            "vpc_id": "vpc-0c207f88aaa816e2b"
          },
          "sensitive_attributes": [],
          "identity_schema_version": 0,
          "private": "eyJlMmJmYjczMC1lY2FhLTExZTYtOGY4OC0zNDM2M2JjN2M0YzAiOnsiY3JlYXRlIjo2MDAwMDAwMDAwMDAsImRlbGV0ZSI6MTIwMDAwMDAwMDAwMH0sInNjaGVtYV92ZXJzaW9uIjoiMSJ9",
          "dependencies": [
            "module.web.aws_vpc.terraform_vpc"
          ]
        },
        {
          "index_key": 1,
          "schema_version": 1,
          "attributes": {
            "arn": "arn:aws:ec2:us-east-1:180344874861:subnet/subnet-02a074f7dcd101dcd",
            "assign_ipv6_address_on_creation": false,
            "availability_zone": "us-east-1b",
            "availability_zone_id": "use1-az2",
            "cidr_block": "10.0.2.0/24",
            "customer_owned_ipv4_pool": "",
            "enable_dns64": false,
            "enable_lni_at_device_index": 0,
            "enable_resource_name_dns_a_record_on_launch": false,
            "enable_resource_name_dns_aaaa_record_on_launch": false,
            "id": "subnet-02a074f7dcd101dcd",
            "ipv6_cidr_block": "",
            "ipv6_cidr_block_association_id": "",
            "ipv6_native": false,
            "map_customer_owned_ip_on_launch": false,
            "map_public_ip_on_launch": true,
            "outpost_arn": "",
            "owner_id": "180344874861",
            "private_dns_hostname_type_on_launch": "ip-name",
            "region": "us-east-1",
            "tags": {
              "Name": "TerraformPublicSubnet-2"
            },
            "tags_all": {
              "Name": "TerraformPublicSubnet-2"
            },
            "timeouts": null,
            "vpc_id": "vpc-0c207f88aaa816e2b"
          },
          "sensitive_attributes": [],
          "identity_schema_version": 0,
          "private": "eyJlMmJmYjczMC1lY2FhLTExZTYtOGY4OC0zNDM2M2JjN2M0YzAiOnsiY3JlYXRlIjo2MDAwMDAwMDAwMDAsImRlbGV0ZSI6MTIwMDAwMDAwMDAwMH0sInNjaGVtYV92ZXJzaW9uIjoiMSJ9",
          "dependencies": [
            "module.web.aws_vpc.terraform_vpc"
          ]
        }
      ]
    },
    {
      "module": "module.web",
      "mode": "managed",
      "type": "aws_vpc",
      "name": "terraform_vpc",
      "provider": "module.web.provider[\"registry.terraform.io/hashicorp/aws\"]",
      "instances": [
        {
          "schema_version": 1,
          "attributes": {
            "arn": "arn:aws:ec2:us-east-1:180344874861:vpc/vpc-0c207f88aaa816e2b",
            "assign_generated_ipv6_cidr_block": false,
            "cidr_block": "10.0.0.0/16",
            "default_network_acl_id": "acl-03dcef8e1b31c347e",
            "default_route_table_id": "rtb-0f74539d7cb10aaba",
            "default_security_group_id": "sg-0ad60e952a023b3e1",
            "dhcp_options_id": "dopt-055139cc1912ba6ad",
            "enable_dns_hostnames": false,
            "enable_dns_support": true,
            "enable_network_address_usage_metrics": false,
            "id": "vpc-0c207f88aaa816e2b",
            "instance_tenancy": "default",
            "ipv4_ipam_pool_id": null,
            "ipv4_netmask_length": null,
            "ipv6_association_id": "",
            "ipv6_cidr_block": "",
            "ipv6_cidr_block_network_border_group": "",
            "ipv6_ipam_pool_id": "",
            "ipv6_netmask_length": 0,
            "main_route_table_id": "rtb-0f74539d7cb10aaba",
            "owner_id": "180344874861",
            "region": "us-east-1",
            "tags": {
              "Name": "TerraformVPC"
            },
            "tags_all": {
              "Name": "TerraformVPC"
            }
          },
          "sensitive_attributes": [],
          "identity_schema_version": 0,
          "private": "eyJzY2hlbWFfdmVyc2lvbiI6IjEifQ=="
        }
      ]
    }
  ],
  "check_results": null
}
